<?xml version="1.0" encoding="utf-8"?>
<Project ToolsVersion="4.0" xmlns="http://schemas.microsoft.com/developer/msbuild/2003">
  <ItemGroup>
    <Filter Include="소스 파일">
      <UniqueIdentifier>{4FC737F1-C7A5-4376-A066-2A32D752A2FF}</UniqueIdentifier>
      <Extensions>cpp;c;cc;cxx;c++;cppm;ixx;def;odl;idl;hpj;bat;asm;asmx</Extensions>
    </Filter>
    <Filter Include="헤더 파일">
      <UniqueIdentifier>{93995380-89BD-4b04-88EB-625FBE52EBFB}</UniqueIdentifier>
      <Extensions>h;hh;hpp;hxx;h++;hm;inl;inc;ipp;xsd</Extensions>
    </Filter>
    <Filter Include="리소스 파일">
      <UniqueIdentifier>{67DA6AB6-F800-4c08-8B7A-83BB121AAD01}</UniqueIdentifier>
      <Extensions>rc;ico;cur;bmp;dlg;rc2;rct;bin;rgs;gif;jpg;jpeg;jpe;resx;tiff;tif;png;wav;mfcribbon-ms</Extensions>
    </Filter>
  </ItemGroup>
  <ItemGroup>
    <ClInclude Include="AMAudio.h">
      <Filter>헤더 파일</Filter>
    </ClInclude>
    <ClInclude Include="AMEngine.h">
      <Filter>헤더 파일</Filter>
    </ClInclude>
    <ClInclude Include="AMExport.h">
      <Filter>헤더 파일</Filter>
    </ClInclude>
    <ClInclude Include="AMFrameRateController.h">
      <Filter>헤더 파일</Filter>
    </ClInclude>
    <ClInclude Include="AMGraphics.h">
      <Filter>헤더 파일</Filter>
    </ClInclude>
    <ClInclude Include="AMInput.h">
      <Filter>헤더 파일</Filter>
    </ClInclude>
    <ClInclude Include="AMLineSegment2.h">
      <Filter>헤더 파일</Filter>
    </ClInclude>
    <ClInclude Include="AMMath.h">
      <Filter>헤더 파일</Filter>
    </ClInclude>
    <ClInclude Include="AMMtx33.h">
      <Filter>헤더 파일</Filter>
    </ClInclude>
    <ClInclude Include="AMSystem.h">
      <Filter>헤더 파일</Filter>
    </ClInclude>
    <ClInclude Include="AMType.h">
      <Filter>헤더 파일</Filter>
    </ClInclude>
    <ClInclude Include="AMUtil.h">
      <Filter>헤더 파일</Filter>
    </ClInclude>
    <ClInclude Include="AMVec2.h">
      <Filter>헤더 파일</Filter>
    </ClInclude>
    <ClInclude Include="AMVec3.h">
      <Filter>헤더 파일</Filter>
    </ClInclude>
  </ItemGroup>
  <ItemGroup>
    <ClCompile Include="AMVec3.cpp">
      <Filter>소스 파일</Filter>
    </ClCompile>
    <ClCompile Include="AMVec2.cpp">
      <Filter>소스 파일</Filter>
    </ClCompile>
  </ItemGroup>
  <ItemGroup>
    <None Include="cpp.hint" />
  </ItemGroup>
</Project>