<?xml version="1.0" encoding="utf-8"?>
<Project ToolsVersion="4.0" xmlns="http://schemas.microsoft.com/developer/msbuild/2003">
  <ItemGroup>
    <Filter Include="소스 파일">
      <UniqueIdentifier>{4FC737F1-C7A5-4376-A066-2A32D752A2FF}</UniqueIdentifier>
      <Extensions>cpp;c;cc;cxx;c++;cppm;ixx;def;odl;idl;hpj;bat;asm;asmx</Extensions>
    </Filter>
    <Filter Include="헤더 파일">
      <UniqueIdentifier>{93995380-89BD-4b04-88EB-625FBE52EBFB}</UniqueIdentifier>
      <Extensions>h;hh;hpp;hxx;h++;hm;inl;inc;ipp;xsd</Extensions>
    </Filter>
    <Filter Include="리소스 파일">
      <UniqueIdentifier>{67DA6AB6-F800-4c08-8B7A-83BB121AAD01}</UniqueIdentifier>
      <Extensions>rc;ico;cur;bmp;dlg;rc2;rct;bin;rgs;gif;jpg;jpeg;jpe;resx;tiff;tif;png;wav;mfcribbon-ms</Extensions>
    </Filter>
  </ItemGroup>
  <ItemGroup>
    <ClCompile Include="Sources\main.cpp">
      <Filter>소스 파일</Filter>
    </ClCompile>
    <ClCompile Include="Sources\GSM\GameStateManager.cpp">
      <Filter>소스 파일</Filter>
    </ClCompile>
    <ClCompile Include="Sources\Level\Menu.cpp">
      <Filter>소스 파일</Filter>
    </ClCompile>
    <ClCompile Include="Sources\GameObject\GameObject.cpp">
      <Filter>소스 파일</Filter>
    </ClCompile>
    <ClCompile Include="Sources\GameObjectManager\GameObejectManager.cpp">
      <Filter>소스 파일</Filter>
    </ClCompile>
    <ClCompile Include="Sources\Components\AudioComp.cpp">
      <Filter>소스 파일</Filter>
    </ClCompile>
    <ClCompile Include="Sources\Components\ColliderComp.cpp">
      <Filter>소스 파일</Filter>
    </ClCompile>
    <ClCompile Include="Sources\Components\RigidbodyComp.cpp">
      <Filter>소스 파일</Filter>
    </ClCompile>
    <ClCompile Include="Sources\Components\SpriteComp.cpp">
      <Filter>소스 파일</Filter>
    </ClCompile>
    <ClCompile Include="Sources\Components\TransformComp.cpp">
      <Filter>소스 파일</Filter>
    </ClCompile>
    <ClCompile Include="Sources\ComponentManager\EngineComponent.cpp">
      <Filter>소스 파일</Filter>
    </ClCompile>
    <ClCompile Include="Sources\ComponentManager\GraphicComponent.cpp">
      <Filter>소스 파일</Filter>
    </ClCompile>
    <ClCompile Include="Sources\ComponentManager\InterfaceComponent.cpp">
      <Filter>소스 파일</Filter>
    </ClCompile>
    <ClCompile Include="Sources\ComponentManager\LogicComponent.cpp">
      <Filter>소스 파일</Filter>
    </ClCompile>
    <ClCompile Include="Sources\RTTI\Registry.cpp">
      <Filter>소스 파일</Filter>
    </ClCompile>
    <ClCompile Include="Sources\Utils\Utils.cpp">
      <Filter>소스 파일</Filter>
    </ClCompile>
    <ClCompile Include="Sources\Event\ButtonClickEvent.cpp">
      <Filter>소스 파일</Filter>
    </ClCompile>
    <ClCompile Include="Sources\Event\Event.cpp">
      <Filter>소스 파일</Filter>
    </ClCompile>
    <ClCompile Include="Sources\EventManager\EventManager.cpp">
      <Filter>소스 파일</Filter>
    </ClCompile>
    <ClCompile Include="Sources\Camera\Camera.cpp">
      <Filter>소스 파일</Filter>
    </ClCompile>
    <ClCompile Include="Sources\CollisionManager\CollisionManager.cpp">
      <Filter>소스 파일</Filter>
    </ClCompile>
    <ClCompile Include="Sources\Serializer\Serializer.cpp">
      <Filter>소스 파일</Filter>
    </ClCompile>
    <ClCompile Include="Extern\include\Graphics.h">
      <Filter>소스 파일</Filter>
    </ClCompile>
    <ClCompile Include="Sources\Prefab\Prefab.cpp">
      <Filter>소스 파일</Filter>
    </ClCompile>
    <ClCompile Include="Sources\ResourceManager\ResourceManager.cpp">
      <Filter>소스 파일</Filter>
    </ClCompile>
    <ClCompile Include="Sources\Resource\AudioResource.cpp">
      <Filter>소스 파일</Filter>
    </ClCompile>
    <ClCompile Include="Sources\Resource\Resource.cpp">
      <Filter>소스 파일</Filter>
    </ClCompile>
    <ClCompile Include="Sources\Resource\TextureResource.cpp">
      <Filter>소스 파일</Filter>
    </ClCompile>
    <ClCompile Include="Extern\include\Input.h">
      <Filter>소스 파일</Filter>
    </ClCompile>
    <ClCompile Include="Extern\include\Type.h">
      <Filter>소스 파일</Filter>
    </ClCompile>
  </ItemGroup>
  <ItemGroup>
    <ClInclude Include="Dependencies\GLFW\include\GLFW\glfw3.h">
      <Filter>헤더 파일</Filter>
    </ClInclude>
    <ClInclude Include="Dependencies\GLFW\include\GLFW\glfw3native.h">
      <Filter>헤더 파일</Filter>
    </ClInclude>
    <ClInclude Include="Sources\GSM\GameStateManager.h">
      <Filter>헤더 파일</Filter>
    </ClInclude>
    <ClInclude Include="Sources\Level\BaseLevel.h">
      <Filter>헤더 파일</Filter>
    </ClInclude>
    <ClInclude Include="Sources\Level\Menu.h">
      <Filter>헤더 파일</Filter>
    </ClInclude>
    <ClInclude Include="Sources\GameObjectManager\GameObjectManager.h">
      <Filter>헤더 파일</Filter>
    </ClInclude>
    <ClInclude Include="Sources\GameObject\GameObject.h">
      <Filter>헤더 파일</Filter>
    </ClInclude>
    <ClInclude Include="Sources\Components\AudioComp.h">
      <Filter>헤더 파일</Filter>
    </ClInclude>
    <ClInclude Include="Sources\Components\ColliderComp.h">
      <Filter>헤더 파일</Filter>
    </ClInclude>
    <ClInclude Include="Sources\Components\RigidbodyComp.h">
      <Filter>헤더 파일</Filter>
    </ClInclude>
    <ClInclude Include="Sources\Components\SpriteComp.h">
      <Filter>헤더 파일</Filter>
    </ClInclude>
    <ClInclude Include="Sources\Components\TransformComp.h">
      <Filter>헤더 파일</Filter>
    </ClInclude>
    <ClInclude Include="Sources\ComponentManager\BaseComponent.h">
      <Filter>헤더 파일</Filter>
    </ClInclude>
    <ClInclude Include="Sources\ComponentManager\ComponentManager.h">
      <Filter>헤더 파일</Filter>
    </ClInclude>
    <ClInclude Include="Sources\ComponentManager\EngineComponent.h">
      <Filter>헤더 파일</Filter>
    </ClInclude>
    <ClInclude Include="Sources\ComponentManager\GraphicComponent.h">
      <Filter>헤더 파일</Filter>
    </ClInclude>
    <ClInclude Include="Sources\ComponentManager\InterfaceComponent.h">
      <Filter>헤더 파일</Filter>
    </ClInclude>
    <ClInclude Include="Sources\ComponentManager\LogicComponent.h">
      <Filter>헤더 파일</Filter>
    </ClInclude>
    <ClInclude Include="Sources\RTTI\BaseRTTI.h">
      <Filter>헤더 파일</Filter>
    </ClInclude>
    <ClInclude Include="Sources\RTTI\Registry.h">
      <Filter>헤더 파일</Filter>
    </ClInclude>
    <ClInclude Include="Sources\Utils\Direction.h">
      <Filter>헤더 파일</Filter>
    </ClInclude>
    <ClInclude Include="Sources\Utils\Size.h">
      <Filter>헤더 파일</Filter>
    </ClInclude>
    <ClInclude Include="Sources\Utils\Utils.h">
      <Filter>헤더 파일</Filter>
    </ClInclude>
    <ClInclude Include="Sources\Event\Button.h">
      <Filter>헤더 파일</Filter>
    </ClInclude>
    <ClInclude Include="Sources\Event\ButtonClickEvent.h">
      <Filter>헤더 파일</Filter>
    </ClInclude>
    <ClInclude Include="Sources\Event\CollisionEvent.h">
      <Filter>헤더 파일</Filter>
    </ClInclude>
    <ClInclude Include="Sources\Event\Entity.h">
      <Filter>헤더 파일</Filter>
    </ClInclude>
    <ClInclude Include="Sources\Event\Event.h">
      <Filter>헤더 파일</Filter>
    </ClInclude>
    <ClInclude Include="Sources\EventManager\EventManager.h">
      <Filter>헤더 파일</Filter>
    </ClInclude>
    <ClInclude Include="Sources\Camera\Camera.h">
      <Filter>헤더 파일</Filter>
    </ClInclude>
    <ClInclude Include="Sources\CollisionManager\CollisionManager.h">
      <Filter>헤더 파일</Filter>
    </ClInclude>
    <ClInclude Include="Sources\Serializer\Serializer.h">
      <Filter>헤더 파일</Filter>
    </ClInclude>
    <ClInclude Include="Extern\json\json.hpp">
      <Filter>헤더 파일</Filter>
    </ClInclude>
    <ClInclude Include="Extern\json\json_fwd.hpp">
      <Filter>헤더 파일</Filter>
    </ClInclude>
    <ClInclude Include="Sources\Components\Components.h">
      <Filter>헤더 파일</Filter>
    </ClInclude>
    <ClInclude Include="Sources\Prefab\Prefab.h">
      <Filter>헤더 파일</Filter>
    </ClInclude>
    <ClInclude Include="Extern\include\Audio.h">
      <Filter>헤더 파일</Filter>
    </ClInclude>
    <ClInclude Include="Sources\ResourceManager\ResourceManager.h">
      <Filter>헤더 파일</Filter>
    </ClInclude>
    <ClInclude Include="Sources\Resource\AudioResource.h">
      <Filter>헤더 파일</Filter>
    </ClInclude>
    <ClInclude Include="Sources\Resource\Resource.h">
      <Filter>헤더 파일</Filter>
    </ClInclude>
    <ClInclude Include="Sources\Resource\TextureResource.h">
      <Filter>헤더 파일</Filter>
    </ClInclude>
    <ClInclude Include="Extern\include\Util.h">
      <Filter>헤더 파일</Filter>
    </ClInclude>
    <ClInclude Include="Extern\include\Engine.h">
      <Filter>헤더 파일</Filter>
    </ClInclude>
    <ClInclude Include="Extern\include\Export.h">
      <Filter>헤더 파일</Filter>
    </ClInclude>
    <ClInclude Include="Extern\include\Math.h">
      <Filter>헤더 파일</Filter>
    </ClInclude>
    <ClInclude Include="Extern\include\System.h">
      <Filter>헤더 파일</Filter>
    </ClInclude>
    <ClInclude Include="Extern\include\Vec2.h">
      <Filter>헤더 파일</Filter>
    </ClInclude>
    <ClInclude Include="Extern\include\Mtx33.h">
      <Filter>헤더 파일</Filter>
    </ClInclude>
    <ClInclude Include="Extern\include\LineSegment2.h">
      <Filter>헤더 파일</Filter>
    </ClInclude>
  </ItemGroup>
  <ItemGroup>
    <Library Include="Dependencies\GLFW\lib-vc2022\glfw3.lib" />
    <Library Include="Dependencies\GLFW\lib-vc2022\glfw3_mt.lib" />
  </ItemGroup>
  <ItemGroup>
    <None Include="Sources\GameObject\GameObject.inl">
      <Filter>헤더 파일</Filter>
    </None>
    <None Include="Sources\ComponentManager\ComponentManager.inl">
      <Filter>헤더 파일</Filter>
    </None>
    <None Include="Sources\EventManager\EventManager.inl">
      <Filter>헤더 파일</Filter>
    </None>
    <None Include="Sources\ResourceManager\ResourceManager.inl">
      <Filter>헤더 파일</Filter>
    </None>
  </ItemGroup>
</Project>